
Microsoft Visual Studio Solution File, Format Version 12.00
# Visual Studio Version 17
VisualStudioVersion = 17.4.33205.214
MinimumVisualStudioVersion = 10.0.40219.1
Project("{2150E333-8FDC-42A3-9474-1A3956D46DE8}") = "src", "src", "{6D5D79AC-2B1B-4B74-AE58-0EC60CF8D2C0}"
EndProject
Project("{2150E333-8FDC-42A3-9474-1A3956D46DE8}") = "tests", "tests", "{EA33F94B-EA27-4CB0-98CF-2F8A7A120EE2}"
EndProject
Project("{9A19103F-16F7-4668-BE54-9A1E7A4F7556}") = "EventStorm.Application", "src\EventStorm.Application\EventStorm.Application.csproj", "{706C8BAB-37F3-40CF-A081-2267CDFC3723}"
EndProject
Project("{9A19103F-16F7-4668-BE54-9A1E7A4F7556}") = "EventStorm.Domain", "src\EventStorm.Domain\EventStorm.Domain.csproj", "{7D08839B-46C2-4846-B97B-240BA9C01216}"
EndProject
Project("{9A19103F-16F7-4668-BE54-9A1E7A4F7556}") = "EventStorm.Infrastructure", "src\EventStorm.Infrastructure\EventStorm.Infrastructure.csproj", "{AD6DDC72-C049-49F7-9D7B-5AAFC24DF827}"
EndProject
Project("{9A19103F-16F7-4668-BE54-9A1E7A4F7556}") = "EventStorm.API", "src\EventStorm.API\EventStorm.API.csproj", "{D5428503-FC9F-45A0-81C6-1DE7BC074E6D}"
EndProject
Project("{2150E333-8FDC-42A3-9474-1A3956D46DE8}") = "Solution Items", "Solution Items", "{E7FE3B2D-E6CA-4B33-A582-084A909877FB}"
	ProjectSection(SolutionItems) = preProject
		.gitignore = .gitignore
		docker-compose.yml = docker-compose.yml
		editorconfig = editorconfig
		Todo.txt = Todo.txt
	EndProjectSection
EndProject
Project("{9A19103F-16F7-4668-BE54-9A1E7A4F7556}") = "EventStorm.API.Tests", "tests\EventStorm.API.Tests\EventStorm.API.Tests.csproj", "{D19880CB-D352-4EBD-81E0-F6A14887DA02}"
EndProject
Project("{9A19103F-16F7-4668-BE54-9A1E7A4F7556}") = "EventStorm.Application.Tests", "tests\EventStorm.Application.Tests\EventStorm.Application.Tests.csproj", "{0C9E5C6D-D6D0-42AC-9451-B54B982CC690}"
EndProject
Project("{9A19103F-16F7-4668-BE54-9A1E7A4F7556}") = "EventStorm.Infrastructure.Tests", "tests\EventStorm.Infrastructure.Tests\EventStorm.Infrastructure.Tests.csproj", "{6317186D-6224-4CF0-BC09-44EF443E535D}"
EndProject
Project("{2150E333-8FDC-42A3-9474-1A3956D46DE8}") = "containers", "containers", "{501DF117-9F83-48CE-8482-E5778A85D52B}"
EndProject
Project("{2150E333-8FDC-42A3-9474-1A3956D46DE8}") = "api", "api", "{1956C317-3CBD-4C74-B2E2-F2575D80E736}"
	ProjectSection(SolutionItems) = preProject
		containers\api\api.env = containers\api\api.env
		containers\api\Dockerfile = containers\api\Dockerfile
	EndProjectSection
EndProject
Project("{2150E333-8FDC-42A3-9474-1A3956D46DE8}") = "db", "db", "{E8F1A2A0-39C8-4A1C-B168-CCBF427D98C5}"
	ProjectSection(SolutionItems) = preProject
		containers\db\db.env = containers\db\db.env
	EndProjectSection
EndProject
Global
	GlobalSection(SolutionConfigurationPlatforms) = preSolution
		Debug|Any CPU = Debug|Any CPU
		Release|Any CPU = Release|Any CPU
	EndGlobalSection
	GlobalSection(ProjectConfigurationPlatforms) = postSolution
		{706C8BAB-37F3-40CF-A081-2267CDFC3723}.Debug|Any CPU.ActiveCfg = Debug|Any CPU
		{706C8BAB-37F3-40CF-A081-2267CDFC3723}.Debug|Any CPU.Build.0 = Debug|Any CPU
		{706C8BAB-37F3-40CF-A081-2267CDFC3723}.Release|Any CPU.ActiveCfg = Release|Any CPU
		{706C8BAB-37F3-40CF-A081-2267CDFC3723}.Release|Any CPU.Build.0 = Release|Any CPU
		{7D08839B-46C2-4846-B97B-240BA9C01216}.Debug|Any CPU.ActiveCfg = Debug|Any CPU
		{7D08839B-46C2-4846-B97B-240BA9C01216}.Debug|Any CPU.Build.0 = Debug|Any CPU
		{7D08839B-46C2-4846-B97B-240BA9C01216}.Release|Any CPU.ActiveCfg = Release|Any CPU
		{7D08839B-46C2-4846-B97B-240BA9C01216}.Release|Any CPU.Build.0 = Release|Any CPU
		{AD6DDC72-C049-49F7-9D7B-5AAFC24DF827}.Debug|Any CPU.ActiveCfg = Debug|Any CPU
		{AD6DDC72-C049-49F7-9D7B-5AAFC24DF827}.Debug|Any CPU.Build.0 = Debug|Any CPU
		{AD6DDC72-C049-49F7-9D7B-5AAFC24DF827}.Release|Any CPU.ActiveCfg = Release|Any CPU
		{AD6DDC72-C049-49F7-9D7B-5AAFC24DF827}.Release|Any CPU.Build.0 = Release|Any CPU
		{D5428503-FC9F-45A0-81C6-1DE7BC074E6D}.Debug|Any CPU.ActiveCfg = Debug|Any CPU
		{D5428503-FC9F-45A0-81C6-1DE7BC074E6D}.Debug|Any CPU.Build.0 = Debug|Any CPU
		{D5428503-FC9F-45A0-81C6-1DE7BC074E6D}.Release|Any CPU.ActiveCfg = Release|Any CPU
		{D5428503-FC9F-45A0-81C6-1DE7BC074E6D}.Release|Any CPU.Build.0 = Release|Any CPU
		{D19880CB-D352-4EBD-81E0-F6A14887DA02}.Debug|Any CPU.ActiveCfg = Debug|Any CPU
		{D19880CB-D352-4EBD-81E0-F6A14887DA02}.Debug|Any CPU.Build.0 = Debug|Any CPU
		{D19880CB-D352-4EBD-81E0-F6A14887DA02}.Release|Any CPU.ActiveCfg = Release|Any CPU
		{D19880CB-D352-4EBD-81E0-F6A14887DA02}.Release|Any CPU.Build.0 = Release|Any CPU
		{0C9E5C6D-D6D0-42AC-9451-B54B982CC690}.Debug|Any CPU.ActiveCfg = Debug|Any CPU
		{0C9E5C6D-D6D0-42AC-9451-B54B982CC690}.Debug|Any CPU.Build.0 = Debug|Any CPU
		{0C9E5C6D-D6D0-42AC-9451-B54B982CC690}.Release|Any CPU.ActiveCfg = Release|Any CPU
		{0C9E5C6D-D6D0-42AC-9451-B54B982CC690}.Release|Any CPU.Build.0 = Release|Any CPU
		{6317186D-6224-4CF0-BC09-44EF443E535D}.Debug|Any CPU.ActiveCfg = Debug|Any CPU
		{6317186D-6224-4CF0-BC09-44EF443E535D}.Debug|Any CPU.Build.0 = Debug|Any CPU
		{6317186D-6224-4CF0-BC09-44EF443E535D}.Release|Any CPU.ActiveCfg = Release|Any CPU
		{6317186D-6224-4CF0-BC09-44EF443E535D}.Release|Any CPU.Build.0 = Release|Any CPU
	EndGlobalSection
	GlobalSection(SolutionProperties) = preSolution
		HideSolutionNode = FALSE
	EndGlobalSection
	GlobalSection(NestedProjects) = preSolution
		{706C8BAB-37F3-40CF-A081-2267CDFC3723} = {6D5D79AC-2B1B-4B74-AE58-0EC60CF8D2C0}
		{7D08839B-46C2-4846-B97B-240BA9C01216} = {6D5D79AC-2B1B-4B74-AE58-0EC60CF8D2C0}
		{AD6DDC72-C049-49F7-9D7B-5AAFC24DF827} = {6D5D79AC-2B1B-4B74-AE58-0EC60CF8D2C0}
		{D5428503-FC9F-45A0-81C6-1DE7BC074E6D} = {6D5D79AC-2B1B-4B74-AE58-0EC60CF8D2C0}
		{D19880CB-D352-4EBD-81E0-F6A14887DA02} = {EA33F94B-EA27-4CB0-98CF-2F8A7A120EE2}
		{0C9E5C6D-D6D0-42AC-9451-B54B982CC690} = {EA33F94B-EA27-4CB0-98CF-2F8A7A120EE2}
		{6317186D-6224-4CF0-BC09-44EF443E535D} = {EA33F94B-EA27-4CB0-98CF-2F8A7A120EE2}
		{1956C317-3CBD-4C74-B2E2-F2575D80E736} = {501DF117-9F83-48CE-8482-E5778A85D52B}
		{E8F1A2A0-39C8-4A1C-B168-CCBF427D98C5} = {501DF117-9F83-48CE-8482-E5778A85D52B}
	EndGlobalSection
	GlobalSection(ExtensibilityGlobals) = postSolution
		SolutionGuid = {3013431D-457A-46FE-9352-55B869F99B07}
	EndGlobalSection
EndGlobal
